// !$*UTF8*$!
{
	archiveVersion = 1;
	classes = {
	};
	objectVersion = 56;
	objects = {

/* Begin PBXBuildFile section */
		CD02249C2B5676EA004DB9ED /* ExploreViewModel.swift in Sources */ = {isa = PBXBuildFile; fileRef = CD02249B2B5676EA004DB9ED /* ExploreViewModel.swift */; };
		CD02249E2B5679E0004DB9ED /* PreviewProvider.swift in Sources */ = {isa = PBXBuildFile; fileRef = CD02249D2B5679E0004DB9ED /* PreviewProvider.swift */; };
		CD0224A42B567F7F004DB9ED /* CurrentUserProfileView.swift in Sources */ = {isa = PBXBuildFile; fileRef = CD0224A32B567F7F004DB9ED /* CurrentUserProfileView.swift */; };
		CD0224A82B56828E004DB9ED /* ProfileHeaderView.swift in Sources */ = {isa = PBXBuildFile; fileRef = CD0224A72B56828E004DB9ED /* ProfileHeaderView.swift */; };
		CD0224AA2B5684CF004DB9ED /* UserContentListView.swift in Sources */ = {isa = PBXBuildFile; fileRef = CD0224A92B5684CF004DB9ED /* UserContentListView.swift */; };
		CD0224AD2B56D8A1004DB9ED /* EditProfileViewModel.swift in Sources */ = {isa = PBXBuildFile; fileRef = CD0224AC2B56D8A1004DB9ED /* EditProfileViewModel.swift */; };
		CD0224AF2B56DA30004DB9ED /* ImageUploader.swift in Sources */ = {isa = PBXBuildFile; fileRef = CD0224AE2B56DA30004DB9ED /* ImageUploader.swift */; };
		CD0224B22B56F47B004DB9ED /* Kingfisher in Frameworks */ = {isa = PBXBuildFile; productRef = CD0224B12B56F47B004DB9ED /* Kingfisher */; };
		CD79A33C2B54BC0F00964F20 /* ThreadsReplicaApp.swift in Sources */ = {isa = PBXBuildFile; fileRef = CD79A33B2B54BC0F00964F20 /* ThreadsReplicaApp.swift */; };
		CD79A33E2B54BC0F00964F20 /* ContentView.swift in Sources */ = {isa = PBXBuildFile; fileRef = CD79A33D2B54BC0F00964F20 /* ContentView.swift */; };
		CD79A3402B54BC1100964F20 /* Assets.xcassets in Resources */ = {isa = PBXBuildFile; fileRef = CD79A33F2B54BC1100964F20 /* Assets.xcassets */; };
		CD79A3432B54BC1100964F20 /* Preview Assets.xcassets in Resources */ = {isa = PBXBuildFile; fileRef = CD79A3422B54BC1100964F20 /* Preview Assets.xcassets */; };
		CD79A34D2B54BC1100964F20 /* ThreadsReplicaTests.swift in Sources */ = {isa = PBXBuildFile; fileRef = CD79A34C2B54BC1100964F20 /* ThreadsReplicaTests.swift */; };
		CD79A3572B54BC1100964F20 /* ThreadsReplicaUITests.swift in Sources */ = {isa = PBXBuildFile; fileRef = CD79A3562B54BC1100964F20 /* ThreadsReplicaUITests.swift */; };
		CD79A3592B54BC1100964F20 /* ThreadsReplicaUITestsLaunchTests.swift in Sources */ = {isa = PBXBuildFile; fileRef = CD79A3582B54BC1100964F20 /* ThreadsReplicaUITestsLaunchTests.swift */; };
		CD79A3712B54BCFF00964F20 /* LoginView.swift in Sources */ = {isa = PBXBuildFile; fileRef = CD79A3702B54BCFF00964F20 /* LoginView.swift */; };
		CD79A3732B54C2AF00964F20 /* RegistrationView.swift in Sources */ = {isa = PBXBuildFile; fileRef = CD79A3722B54C2AF00964F20 /* RegistrationView.swift */; };
		CD79A3752B54C4AD00964F20 /* ThreadsTextViewModifier.swift in Sources */ = {isa = PBXBuildFile; fileRef = CD79A3742B54C4AD00964F20 /* ThreadsTextViewModifier.swift */; };
		CD79A3772B54C52F00964F20 /* ThreadsButtonViewModifier.swift in Sources */ = {isa = PBXBuildFile; fileRef = CD79A3762B54C52F00964F20 /* ThreadsButtonViewModifier.swift */; };
		CD8D85922B54C98800F1DB72 /* ThreadsTabView.swift in Sources */ = {isa = PBXBuildFile; fileRef = CD8D85912B54C98800F1DB72 /* ThreadsTabView.swift */; };
		CD8D85942B54CBF700F1DB72 /* FeedView.swift in Sources */ = {isa = PBXBuildFile; fileRef = CD8D85932B54CBF700F1DB72 /* FeedView.swift */; };
		CD8D859A2B54CC4B00F1DB72 /* ExploreView.swift in Sources */ = {isa = PBXBuildFile; fileRef = CD8D85992B54CC4B00F1DB72 /* ExploreView.swift */; };
		CD8D859C2B54CC5500F1DB72 /* ProfileView.swift in Sources */ = {isa = PBXBuildFile; fileRef = CD8D859B2B54CC5500F1DB72 /* ProfileView.swift */; };
		CD8D859E2B54CC6300F1DB72 /* ActivityView.swift in Sources */ = {isa = PBXBuildFile; fileRef = CD8D859D2B54CC6300F1DB72 /* ActivityView.swift */; };
		CD8D85A72B54CDDC00F1DB72 /* CreateThreadView.swift in Sources */ = {isa = PBXBuildFile; fileRef = CD8D85A62B54CDDC00F1DB72 /* CreateThreadView.swift */; };
		CD8D85A92B54CEC200F1DB72 /* ThreadCell.swift in Sources */ = {isa = PBXBuildFile; fileRef = CD8D85A82B54CEC200F1DB72 /* ThreadCell.swift */; };
		CD8D85AC2B54D67600F1DB72 /* CircleProfileImageView.swift in Sources */ = {isa = PBXBuildFile; fileRef = CD8D85AB2B54D67600F1DB72 /* CircleProfileImageView.swift */; };
		CD8D85AE2B54D6F100F1DB72 /* UserCell.swift in Sources */ = {isa = PBXBuildFile; fileRef = CD8D85AD2B54D6F100F1DB72 /* UserCell.swift */; };
		CD8D85B12B54DBB300F1DB72 /* ProfileThreadFilter.swift in Sources */ = {isa = PBXBuildFile; fileRef = CD8D85B02B54DBB300F1DB72 /* ProfileThreadFilter.swift */; };
		CD8D85B52B54E6DA00F1DB72 /* EditProfileView.swift in Sources */ = {isa = PBXBuildFile; fileRef = CD8D85B42B54E6DA00F1DB72 /* EditProfileView.swift */; };
		CD8D85BA2B54F54400F1DB72 /* FirebaseAuth in Frameworks */ = {isa = PBXBuildFile; productRef = CD8D85B92B54F54400F1DB72 /* FirebaseAuth */; };
		CD8D85BC2B54F54400F1DB72 /* FirebaseFirestore in Frameworks */ = {isa = PBXBuildFile; productRef = CD8D85BB2B54F54400F1DB72 /* FirebaseFirestore */; };
		CD8D85BE2B54F54400F1DB72 /* FirebaseFirestoreSwift in Frameworks */ = {isa = PBXBuildFile; productRef = CD8D85BD2B54F54400F1DB72 /* FirebaseFirestoreSwift */; };
		CD8D85C02B54F54400F1DB72 /* FirebaseStorage in Frameworks */ = {isa = PBXBuildFile; productRef = CD8D85BF2B54F54400F1DB72 /* FirebaseStorage */; };
		CD8D85C42B54F79300F1DB72 /* RegistrationViewModel.swift in Sources */ = {isa = PBXBuildFile; fileRef = CD8D85C32B54F79300F1DB72 /* RegistrationViewModel.swift */; };
		CD8D85C62B54F87800F1DB72 /* AuthService.swift in Sources */ = {isa = PBXBuildFile; fileRef = CD8D85C52B54F87800F1DB72 /* AuthService.swift */; };
		CDED3BDB2B56537200566B9A /* ContentViewModel.swift in Sources */ = {isa = PBXBuildFile; fileRef = CDED3BDA2B56537200566B9A /* ContentViewModel.swift */; };
		CDED3BDD2B565D9400566B9A /* LoginViewModel.swift in Sources */ = {isa = PBXBuildFile; fileRef = CDED3BDC2B565D9400566B9A /* LoginViewModel.swift */; };
		CDED3BDF2B56639A00566B9A /* User.swift in Sources */ = {isa = PBXBuildFile; fileRef = CDED3BDE2B56639A00566B9A /* User.swift */; };
		CDED3BE12B56681E00566B9A /* UserService.swift in Sources */ = {isa = PBXBuildFile; fileRef = CDED3BE02B56681E00566B9A /* UserService.swift */; };
		CDED3BE42B5668F300566B9A /* CurrentUserProfileViewModel.swift in Sources */ = {isa = PBXBuildFile; fileRef = CDED3BE32B5668F300566B9A /* CurrentUserProfileViewModel.swift */; };
		CDED3BE62B566CFB00566B9A /* GoogleService-Info.plist in Resources */ = {isa = PBXBuildFile; fileRef = CDED3BE52B566CFB00566B9A /* GoogleService-Info.plist */; };
/* End PBXBuildFile section */

/* Begin PBXContainerItemProxy section */
		CD79A3492B54BC1100964F20 /* PBXContainerItemProxy */ = {
			isa = PBXContainerItemProxy;
			containerPortal = CD79A3302B54BC0F00964F20 /* Project object */;
			proxyType = 1;
			remoteGlobalIDString = CD79A3372B54BC0F00964F20;
			remoteInfo = ThreadsReplica;
		};
		CD79A3532B54BC1100964F20 /* PBXContainerItemProxy */ = {
			isa = PBXContainerItemProxy;
			containerPortal = CD79A3302B54BC0F00964F20 /* Project object */;
			proxyType = 1;
			remoteGlobalIDString = CD79A3372B54BC0F00964F20;
			remoteInfo = ThreadsReplica;
		};
/* End PBXContainerItemProxy section */

/* Begin PBXFileReference section */
		CD02249B2B5676EA004DB9ED /* ExploreViewModel.swift */ = {isa = PBXFileReference; lastKnownFileType = sourcecode.swift; path = ExploreViewModel.swift; sourceTree = "<group>"; };
		CD02249D2B5679E0004DB9ED /* PreviewProvider.swift */ = {isa = PBXFileReference; lastKnownFileType = sourcecode.swift; path = PreviewProvider.swift; sourceTree = "<group>"; };
		CD0224A32B567F7F004DB9ED /* CurrentUserProfileView.swift */ = {isa = PBXFileReference; lastKnownFileType = sourcecode.swift; path = CurrentUserProfileView.swift; sourceTree = "<group>"; };
		CD0224A72B56828E004DB9ED /* ProfileHeaderView.swift */ = {isa = PBXFileReference; lastKnownFileType = sourcecode.swift; path = ProfileHeaderView.swift; sourceTree = "<group>"; };
		CD0224A92B5684CF004DB9ED /* UserContentListView.swift */ = {isa = PBXFileReference; lastKnownFileType = sourcecode.swift; path = UserContentListView.swift; sourceTree = "<group>"; };
		CD0224AC2B56D8A1004DB9ED /* EditProfileViewModel.swift */ = {isa = PBXFileReference; lastKnownFileType = sourcecode.swift; path = EditProfileViewModel.swift; sourceTree = "<group>"; };
		CD0224AE2B56DA30004DB9ED /* ImageUploader.swift */ = {isa = PBXFileReference; lastKnownFileType = sourcecode.swift; path = ImageUploader.swift; sourceTree = "<group>"; };
		CD79A3382B54BC0F00964F20 /* ThreadsReplica.app */ = {isa = PBXFileReference; explicitFileType = wrapper.application; includeInIndex = 0; path = ThreadsReplica.app; sourceTree = BUILT_PRODUCTS_DIR; };
		CD79A33B2B54BC0F00964F20 /* ThreadsReplicaApp.swift */ = {isa = PBXFileReference; lastKnownFileType = sourcecode.swift; path = ThreadsReplicaApp.swift; sourceTree = "<group>"; };
		CD79A33D2B54BC0F00964F20 /* ContentView.swift */ = {isa = PBXFileReference; lastKnownFileType = sourcecode.swift; path = ContentView.swift; sourceTree = "<group>"; };
		CD79A33F2B54BC1100964F20 /* Assets.xcassets */ = {isa = PBXFileReference; lastKnownFileType = folder.assetcatalog; path = Assets.xcassets; sourceTree = "<group>"; };
		CD79A3422B54BC1100964F20 /* Preview Assets.xcassets */ = {isa = PBXFileReference; lastKnownFileType = folder.assetcatalog; path = "Preview Assets.xcassets"; sourceTree = "<group>"; };
		CD79A3482B54BC1100964F20 /* ThreadsReplicaTests.xctest */ = {isa = PBXFileReference; explicitFileType = wrapper.cfbundle; includeInIndex = 0; path = ThreadsReplicaTests.xctest; sourceTree = BUILT_PRODUCTS_DIR; };
		CD79A34C2B54BC1100964F20 /* ThreadsReplicaTests.swift */ = {isa = PBXFileReference; lastKnownFileType = sourcecode.swift; path = ThreadsReplicaTests.swift; sourceTree = "<group>"; };
		CD79A3522B54BC1100964F20 /* ThreadsReplicaUITests.xctest */ = {isa = PBXFileReference; explicitFileType = wrapper.cfbundle; includeInIndex = 0; path = ThreadsReplicaUITests.xctest; sourceTree = BUILT_PRODUCTS_DIR; };
		CD79A3562B54BC1100964F20 /* ThreadsReplicaUITests.swift */ = {isa = PBXFileReference; lastKnownFileType = sourcecode.swift; path = ThreadsReplicaUITests.swift; sourceTree = "<group>"; };
		CD79A3582B54BC1100964F20 /* ThreadsReplicaUITestsLaunchTests.swift */ = {isa = PBXFileReference; lastKnownFileType = sourcecode.swift; path = ThreadsReplicaUITestsLaunchTests.swift; sourceTree = "<group>"; };
		CD79A3702B54BCFF00964F20 /* LoginView.swift */ = {isa = PBXFileReference; lastKnownFileType = sourcecode.swift; path = LoginView.swift; sourceTree = "<group>"; };
		CD79A3722B54C2AF00964F20 /* RegistrationView.swift */ = {isa = PBXFileReference; lastKnownFileType = sourcecode.swift; path = RegistrationView.swift; sourceTree = "<group>"; };
		CD79A3742B54C4AD00964F20 /* ThreadsTextViewModifier.swift */ = {isa = PBXFileReference; lastKnownFileType = sourcecode.swift; path = ThreadsTextViewModifier.swift; sourceTree = "<group>"; };
		CD79A3762B54C52F00964F20 /* ThreadsButtonViewModifier.swift */ = {isa = PBXFileReference; lastKnownFileType = sourcecode.swift; path = ThreadsButtonViewModifier.swift; sourceTree = "<group>"; };
		CD8D85912B54C98800F1DB72 /* ThreadsTabView.swift */ = {isa = PBXFileReference; lastKnownFileType = sourcecode.swift; path = ThreadsTabView.swift; sourceTree = "<group>"; };
		CD8D85932B54CBF700F1DB72 /* FeedView.swift */ = {isa = PBXFileReference; lastKnownFileType = sourcecode.swift; path = FeedView.swift; sourceTree = "<group>"; };
		CD8D85992B54CC4B00F1DB72 /* ExploreView.swift */ = {isa = PBXFileReference; lastKnownFileType = sourcecode.swift; path = ExploreView.swift; sourceTree = "<group>"; };
		CD8D859B2B54CC5500F1DB72 /* ProfileView.swift */ = {isa = PBXFileReference; lastKnownFileType = sourcecode.swift; path = ProfileView.swift; sourceTree = "<group>"; };
		CD8D859D2B54CC6300F1DB72 /* ActivityView.swift */ = {isa = PBXFileReference; lastKnownFileType = sourcecode.swift; path = ActivityView.swift; sourceTree = "<group>"; };
		CD8D85A62B54CDDC00F1DB72 /* CreateThreadView.swift */ = {isa = PBXFileReference; lastKnownFileType = sourcecode.swift; path = CreateThreadView.swift; sourceTree = "<group>"; };
		CD8D85A82B54CEC200F1DB72 /* ThreadCell.swift */ = {isa = PBXFileReference; lastKnownFileType = sourcecode.swift; path = ThreadCell.swift; sourceTree = "<group>"; };
		CD8D85AB2B54D67600F1DB72 /* CircleProfileImageView.swift */ = {isa = PBXFileReference; lastKnownFileType = sourcecode.swift; path = CircleProfileImageView.swift; sourceTree = "<group>"; };
		CD8D85AD2B54D6F100F1DB72 /* UserCell.swift */ = {isa = PBXFileReference; lastKnownFileType = sourcecode.swift; path = UserCell.swift; sourceTree = "<group>"; };
		CD8D85B02B54DBB300F1DB72 /* ProfileThreadFilter.swift */ = {isa = PBXFileReference; lastKnownFileType = sourcecode.swift; path = ProfileThreadFilter.swift; sourceTree = "<group>"; };
		CD8D85B42B54E6DA00F1DB72 /* EditProfileView.swift */ = {isa = PBXFileReference; lastKnownFileType = sourcecode.swift; path = EditProfileView.swift; sourceTree = "<group>"; };
		CD8D85C32B54F79300F1DB72 /* RegistrationViewModel.swift */ = {isa = PBXFileReference; lastKnownFileType = sourcecode.swift; path = RegistrationViewModel.swift; sourceTree = "<group>"; };
		CD8D85C52B54F87800F1DB72 /* AuthService.swift */ = {isa = PBXFileReference; lastKnownFileType = sourcecode.swift; path = AuthService.swift; sourceTree = "<group>"; };
		CDED3BDA2B56537200566B9A /* ContentViewModel.swift */ = {isa = PBXFileReference; lastKnownFileType = sourcecode.swift; path = ContentViewModel.swift; sourceTree = "<group>"; };
		CDED3BDC2B565D9400566B9A /* LoginViewModel.swift */ = {isa = PBXFileReference; lastKnownFileType = sourcecode.swift; path = LoginViewModel.swift; sourceTree = "<group>"; };
		CDED3BDE2B56639A00566B9A /* User.swift */ = {isa = PBXFileReference; lastKnownFileType = sourcecode.swift; path = User.swift; sourceTree = "<group>"; };
		CDED3BE02B56681E00566B9A /* UserService.swift */ = {isa = PBXFileReference; lastKnownFileType = sourcecode.swift; path = UserService.swift; sourceTree = "<group>"; };
		CDED3BE32B5668F300566B9A /* CurrentUserProfileViewModel.swift */ = {isa = PBXFileReference; lastKnownFileType = sourcecode.swift; path = CurrentUserProfileViewModel.swift; sourceTree = "<group>"; };
		CDED3BE52B566CFB00566B9A /* GoogleService-Info.plist */ = {isa = PBXFileReference; fileEncoding = 4; lastKnownFileType = text.plist.xml; path = "GoogleService-Info.plist"; sourceTree = "<group>"; };
/* End PBXFileReference section */

/* Begin PBXFrameworksBuildPhase section */
		CD79A3352B54BC0F00964F20 /* Frameworks */ = {
			isa = PBXFrameworksBuildPhase;
			buildActionMask = 2147483647;
			files = (
				CD8D85BA2B54F54400F1DB72 /* FirebaseAuth in Frameworks */,
				CD8D85C02B54F54400F1DB72 /* FirebaseStorage in Frameworks */,
				CD8D85BC2B54F54400F1DB72 /* FirebaseFirestore in Frameworks */,
				CD8D85BE2B54F54400F1DB72 /* FirebaseFirestoreSwift in Frameworks */,
				CD0224B22B56F47B004DB9ED /* Kingfisher in Frameworks */,
			);
			runOnlyForDeploymentPostprocessing = 0;
		};
		CD79A3452B54BC1100964F20 /* Frameworks */ = {
			isa = PBXFrameworksBuildPhase;
			buildActionMask = 2147483647;
			files = (
			);
			runOnlyForDeploymentPostprocessing = 0;
		};
		CD79A34F2B54BC1100964F20 /* Frameworks */ = {
			isa = PBXFrameworksBuildPhase;
			buildActionMask = 2147483647;
			files = (
			);
			runOnlyForDeploymentPostprocessing = 0;
		};
/* End PBXFrameworksBuildPhase section */

/* Begin PBXGroup section */
		CD02249A2B5676DA004DB9ED /* ViewModel */ = {
			isa = PBXGroup;
			children = (
				CD02249B2B5676EA004DB9ED /* ExploreViewModel.swift */,
			);
			path = ViewModel;
			sourceTree = "<group>";
		};
		CD02249F2B567EC3004DB9ED /* CurrentUserProfile */ = {
			isa = PBXGroup;
			children = (
				CD0224A22B567EE6004DB9ED /* View */,
				CD0224A52B567FA9004DB9ED /* View Model */,
			);
			path = CurrentUserProfile;
			sourceTree = "<group>";
		};
		CD0224A22B567EE6004DB9ED /* View */ = {
			isa = PBXGroup;
			children = (
				CD0224A32B567F7F004DB9ED /* CurrentUserProfileView.swift */,
			);
			path = View;
			sourceTree = "<group>";
		};
		CD0224A52B567FA9004DB9ED /* View Model */ = {
			isa = PBXGroup;
			children = (
				CDED3BE32B5668F300566B9A /* CurrentUserProfileViewModel.swift */,
			);
			path = "View Model";
			sourceTree = "<group>";
		};
		CD0224A62B568278004DB9ED /* Components */ = {
			isa = PBXGroup;
			children = (
				CD0224A72B56828E004DB9ED /* ProfileHeaderView.swift */,
				CD0224A92B5684CF004DB9ED /* UserContentListView.swift */,
			);
			path = Components;
			sourceTree = "<group>";
		};
		CD0224AB2B56D88B004DB9ED /* ViewModel */ = {
			isa = PBXGroup;
			children = (
				CD0224AC2B56D8A1004DB9ED /* EditProfileViewModel.swift */,
			);
			path = ViewModel;
			sourceTree = "<group>";
		};
		CD79A32F2B54BC0F00964F20 = {
			isa = PBXGroup;
			children = (
				CD79A33A2B54BC0F00964F20 /* ThreadsReplica */,
				CD79A34B2B54BC1100964F20 /* ThreadsReplicaTests */,
				CD79A3552B54BC1100964F20 /* ThreadsReplicaUITests */,
				CD79A3392B54BC0F00964F20 /* Products */,
			);
			sourceTree = "<group>";
		};
		CD79A3392B54BC0F00964F20 /* Products */ = {
			isa = PBXGroup;
			children = (
				CD79A3382B54BC0F00964F20 /* ThreadsReplica.app */,
				CD79A3482B54BC1100964F20 /* ThreadsReplicaTests.xctest */,
				CD79A3522B54BC1100964F20 /* ThreadsReplicaUITests.xctest */,
			);
			name = Products;
			sourceTree = "<group>";
		};
		CD79A33A2B54BC0F00964F20 /* ThreadsReplica */ = {
			isa = PBXGroup;
			children = (
				CD79A3662B54BC3700964F20 /* App */,
				CD79A3652B54BC3100964F20 /* Core */,
				CD79A3672B54BC4400964F20 /* Extensions */,
				CD79A36A2B54BC6100964F20 /* Model */,
				CD79A3682B54BC4D00964F20 /* Services */,
				CD79A3692B54BC5400964F20 /* Utils */,
				CD79A33F2B54BC1100964F20 /* Assets.xcassets */,
				CDED3BE52B566CFB00566B9A /* GoogleService-Info.plist */,
				CD79A3412B54BC1100964F20 /* Preview Content */,
			);
			path = ThreadsReplica;
			sourceTree = "<group>";
		};
		CD79A3412B54BC1100964F20 /* Preview Content */ = {
			isa = PBXGroup;
			children = (
				CD79A3422B54BC1100964F20 /* Preview Assets.xcassets */,
			);
			path = "Preview Content";
			sourceTree = "<group>";
		};
		CD79A34B2B54BC1100964F20 /* ThreadsReplicaTests */ = {
			isa = PBXGroup;
			children = (
				CD79A34C2B54BC1100964F20 /* ThreadsReplicaTests.swift */,
			);
			path = ThreadsReplicaTests;
			sourceTree = "<group>";
		};
		CD79A3552B54BC1100964F20 /* ThreadsReplicaUITests */ = {
			isa = PBXGroup;
			children = (
				CD79A3562B54BC1100964F20 /* ThreadsReplicaUITests.swift */,
				CD79A3582B54BC1100964F20 /* ThreadsReplicaUITestsLaunchTests.swift */,
			);
			path = ThreadsReplicaUITests;
			sourceTree = "<group>";
		};
		CD79A3652B54BC3100964F20 /* Core */ = {
			isa = PBXGroup;
			children = (
				CD8D85972B54CC3C00F1DB72 /* Activity */,
				CD79A36B2B54BC7100964F20 /* Authentication */,
				CD8D85AA2B54D65E00F1DB72 /* Components */,
				CD8D85962B54CC3700F1DB72 /* Explore */,
				CD8D85952B54CC0500F1DB72 /* Feed */,
				CD8D85982B54CC4200F1DB72 /* Profile */,
				CD79A36C2B54BC9300964F20 /* Root */,
				CD8D85902B54C96000F1DB72 /* TabBar */,
				CD8D85A42B54CD5800F1DB72 /* ThreadCreation */,
			);
			path = Core;
			sourceTree = "<group>";
		};
		CD79A3662B54BC3700964F20 /* App */ = {
			isa = PBXGroup;
			children = (
				CD79A33B2B54BC0F00964F20 /* ThreadsReplicaApp.swift */,
			);
			path = App;
			sourceTree = "<group>";
		};
		CD79A3672B54BC4400964F20 /* Extensions */ = {
			isa = PBXGroup;
			children = (
				CD02249D2B5679E0004DB9ED /* PreviewProvider.swift */,
			);
			path = Extensions;
			sourceTree = "<group>";
		};
		CD79A3682B54BC4D00964F20 /* Services */ = {
			isa = PBXGroup;
			children = (
				CDED3BE02B56681E00566B9A /* UserService.swift */,
				CD0224AE2B56DA30004DB9ED /* ImageUploader.swift */,
			);
			path = Services;
			sourceTree = "<group>";
		};
		CD79A3692B54BC5400964F20 /* Utils */ = {
			isa = PBXGroup;
			children = (
				CD79A3742B54C4AD00964F20 /* ThreadsTextViewModifier.swift */,
				CD79A3762B54C52F00964F20 /* ThreadsButtonViewModifier.swift */,
			);
			path = Utils;
			sourceTree = "<group>";
		};
		CD79A36A2B54BC6100964F20 /* Model */ = {
			isa = PBXGroup;
			children = (
				CDED3BDE2B56639A00566B9A /* User.swift */,
			);
			path = Model;
			sourceTree = "<group>";
		};
		CD79A36B2B54BC7100964F20 /* Authentication */ = {
			isa = PBXGroup;
			children = (
				CD8D85C12B54F77000F1DB72 /* Service */,
				CD79A36F2B54BCF300964F20 /* Views */,
				CD8D85C22B54F77A00F1DB72 /* ViewModel */,
			);
			path = Authentication;
			sourceTree = "<group>";
		};
		CD79A36C2B54BC9300964F20 /* Root */ = {
			isa = PBXGroup;
			children = (
				CDED3BD82B56533000566B9A /* View */,
				CDED3BD92B56533D00566B9A /* ViewModel */,
			);
			path = Root;
			sourceTree = "<group>";
		};
		CD79A36F2B54BCF300964F20 /* Views */ = {
			isa = PBXGroup;
			children = (
				CD79A3702B54BCFF00964F20 /* LoginView.swift */,
				CD79A3722B54C2AF00964F20 /* RegistrationView.swift */,
			);
			path = Views;
			sourceTree = "<group>";
		};
		CD8D85902B54C96000F1DB72 /* TabBar */ = {
			isa = PBXGroup;
			children = (
				CD8D85A32B54CD0500F1DB72 /* View */,
			);
			path = TabBar;
			sourceTree = "<group>";
		};
		CD8D85952B54CC0500F1DB72 /* Feed */ = {
			isa = PBXGroup;
			children = (
				CD8D85A22B54CCFF00F1DB72 /* View */,
			);
			path = Feed;
			sourceTree = "<group>";
		};
		CD8D85962B54CC3700F1DB72 /* Explore */ = {
			isa = PBXGroup;
			children = (
				CD8D85A12B54CCF800F1DB72 /* View */,
				CD02249A2B5676DA004DB9ED /* ViewModel */,
			);
			path = Explore;
			sourceTree = "<group>";
		};
		CD8D85972B54CC3C00F1DB72 /* Activity */ = {
			isa = PBXGroup;
			children = (
				CD8D85A02B54CCF100F1DB72 /* View */,
			);
			path = Activity;
			sourceTree = "<group>";
		};
		CD8D85982B54CC4200F1DB72 /* Profile */ = {
			isa = PBXGroup;
			children = (
				CD0224A62B568278004DB9ED /* Components */,
				CD02249F2B567EC3004DB9ED /* CurrentUserProfile */,
				CDED3BE22B5668E000566B9A /* ViewModel */,
				CD8D85B22B54E6C400F1DB72 /* EditProfile */,
				CD8D85AF2B54DBA500F1DB72 /* Model */,
				CD8D859F2B54CCEB00F1DB72 /* UserProfile */,
			);
			path = Profile;
			sourceTree = "<group>";
		};
		CD8D859F2B54CCEB00F1DB72 /* UserProfile */ = {
			isa = PBXGroup;
			children = (
				CD8D859B2B54CC5500F1DB72 /* ProfileView.swift */,
			);
			path = UserProfile;
			sourceTree = "<group>";
		};
		CD8D85A02B54CCF100F1DB72 /* View */ = {
			isa = PBXGroup;
			children = (
				CD8D859D2B54CC6300F1DB72 /* ActivityView.swift */,
			);
			path = View;
			sourceTree = "<group>";
		};
		CD8D85A12B54CCF800F1DB72 /* View */ = {
			isa = PBXGroup;
			children = (
				CD8D85992B54CC4B00F1DB72 /* ExploreView.swift */,
			);
			path = View;
			sourceTree = "<group>";
		};
		CD8D85A22B54CCFF00F1DB72 /* View */ = {
			isa = PBXGroup;
			children = (
				CD8D85932B54CBF700F1DB72 /* FeedView.swift */,
				CD8D85A82B54CEC200F1DB72 /* ThreadCell.swift */,
			);
			path = View;
			sourceTree = "<group>";
		};
		CD8D85A32B54CD0500F1DB72 /* View */ = {
			isa = PBXGroup;
			children = (
				CD8D85912B54C98800F1DB72 /* ThreadsTabView.swift */,
			);
			path = View;
			sourceTree = "<group>";
		};
		CD8D85A42B54CD5800F1DB72 /* ThreadCreation */ = {
			isa = PBXGroup;
			children = (
				CD8D85A52B54CDC800F1DB72 /* View */,
			);
			path = ThreadCreation;
			sourceTree = "<group>";
		};
		CD8D85A52B54CDC800F1DB72 /* View */ = {
			isa = PBXGroup;
			children = (
				CD8D85A62B54CDDC00F1DB72 /* CreateThreadView.swift */,
			);
			path = View;
			sourceTree = "<group>";
		};
		CD8D85AA2B54D65E00F1DB72 /* Components */ = {
			isa = PBXGroup;
			children = (
				CD8D85AB2B54D67600F1DB72 /* CircleProfileImageView.swift */,
				CD8D85AD2B54D6F100F1DB72 /* UserCell.swift */,
			);
			path = Components;
			sourceTree = "<group>";
		};
		CD8D85AF2B54DBA500F1DB72 /* Model */ = {
			isa = PBXGroup;
			children = (
				CD8D85B02B54DBB300F1DB72 /* ProfileThreadFilter.swift */,
			);
			path = Model;
			sourceTree = "<group>";
		};
		CD8D85B22B54E6C400F1DB72 /* EditProfile */ = {
			isa = PBXGroup;
			children = (
				CD0224AB2B56D88B004DB9ED /* ViewModel */,
				CD8D85B32B54E6CD00F1DB72 /* View */,
			);
			path = EditProfile;
			sourceTree = "<group>";
		};
		CD8D85B32B54E6CD00F1DB72 /* View */ = {
			isa = PBXGroup;
			children = (
				CD8D85B42B54E6DA00F1DB72 /* EditProfileView.swift */,
			);
			path = View;
			sourceTree = "<group>";
		};
		CD8D85C12B54F77000F1DB72 /* Service */ = {
			isa = PBXGroup;
			children = (
				CD8D85C52B54F87800F1DB72 /* AuthService.swift */,
			);
			path = Service;
			sourceTree = "<group>";
		};
		CD8D85C22B54F77A00F1DB72 /* ViewModel */ = {
			isa = PBXGroup;
			children = (
				CDED3BDC2B565D9400566B9A /* LoginViewModel.swift */,
				CD8D85C32B54F79300F1DB72 /* RegistrationViewModel.swift */,
			);
			path = ViewModel;
			sourceTree = "<group>";
		};
		CDED3BD82B56533000566B9A /* View */ = {
			isa = PBXGroup;
			children = (
				CD79A33D2B54BC0F00964F20 /* ContentView.swift */,
			);
			path = View;
			sourceTree = "<group>";
		};
		CDED3BD92B56533D00566B9A /* ViewModel */ = {
			isa = PBXGroup;
			children = (
				CDED3BDA2B56537200566B9A /* ContentViewModel.swift */,
			);
			path = ViewModel;
			sourceTree = "<group>";
		};
		CDED3BE22B5668E000566B9A /* ViewModel */ = {
			isa = PBXGroup;
			children = (
			);
			path = ViewModel;
			sourceTree = "<group>";
		};
/* End PBXGroup section */

/* Begin PBXNativeTarget section */
		CD79A3372B54BC0F00964F20 /* ThreadsReplica */ = {
			isa = PBXNativeTarget;
			buildConfigurationList = CD79A35C2B54BC1100964F20 /* Build configuration list for PBXNativeTarget "ThreadsReplica" */;
			buildPhases = (
				CD79A3342B54BC0F00964F20 /* Sources */,
				CD79A3352B54BC0F00964F20 /* Frameworks */,
				CD79A3362B54BC0F00964F20 /* Resources */,
			);
			buildRules = (
			);
			dependencies = (
			);
			name = ThreadsReplica;
			packageProductDependencies = (
				CD8D85B92B54F54400F1DB72 /* FirebaseAuth */,
				CD8D85BB2B54F54400F1DB72 /* FirebaseFirestore */,
				CD8D85BD2B54F54400F1DB72 /* FirebaseFirestoreSwift */,
				CD8D85BF2B54F54400F1DB72 /* FirebaseStorage */,
				CD0224B12B56F47B004DB9ED /* Kingfisher */,
			);
			productName = ThreadsReplica;
			productReference = CD79A3382B54BC0F00964F20 /* ThreadsReplica.app */;
			productType = "com.apple.product-type.application";
		};
		CD79A3472B54BC1100964F20 /* ThreadsReplicaTests */ = {
			isa = PBXNativeTarget;
			buildConfigurationList = CD79A35F2B54BC1100964F20 /* Build configuration list for PBXNativeTarget "ThreadsReplicaTests" */;
			buildPhases = (
				CD79A3442B54BC1100964F20 /* Sources */,
				CD79A3452B54BC1100964F20 /* Frameworks */,
				CD79A3462B54BC1100964F20 /* Resources */,
			);
			buildRules = (
			);
			dependencies = (
				CD79A34A2B54BC1100964F20 /* PBXTargetDependency */,
			);
			name = ThreadsReplicaTests;
			productName = ThreadsReplicaTests;
			productReference = CD79A3482B54BC1100964F20 /* ThreadsReplicaTests.xctest */;
			productType = "com.apple.product-type.bundle.unit-test";
		};
		CD79A3512B54BC1100964F20 /* ThreadsReplicaUITests */ = {
			isa = PBXNativeTarget;
			buildConfigurationList = CD79A3622B54BC1100964F20 /* Build configuration list for PBXNativeTarget "ThreadsReplicaUITests" */;
			buildPhases = (
				CD79A34E2B54BC1100964F20 /* Sources */,
				CD79A34F2B54BC1100964F20 /* Frameworks */,
				CD79A3502B54BC1100964F20 /* Resources */,
			);
			buildRules = (
			);
			dependencies = (
				CD79A3542B54BC1100964F20 /* PBXTargetDependency */,
			);
			name = ThreadsReplicaUITests;
			productName = ThreadsReplicaUITests;
			productReference = CD79A3522B54BC1100964F20 /* ThreadsReplicaUITests.xctest */;
			productType = "com.apple.product-type.bundle.ui-testing";
		};
/* End PBXNativeTarget section */

/* Begin PBXProject section */
		CD79A3302B54BC0F00964F20 /* Project object */ = {
			isa = PBXProject;
			attributes = {
				BuildIndependentTargetsInParallel = 1;
				LastSwiftUpdateCheck = 1510;
				LastUpgradeCheck = 1510;
				TargetAttributes = {
					CD79A3372B54BC0F00964F20 = {
						CreatedOnToolsVersion = 15.1;
					};
					CD79A3472B54BC1100964F20 = {
						CreatedOnToolsVersion = 15.1;
						TestTargetID = CD79A3372B54BC0F00964F20;
					};
					CD79A3512B54BC1100964F20 = {
						CreatedOnToolsVersion = 15.1;
						TestTargetID = CD79A3372B54BC0F00964F20;
					};
				};
			};
			buildConfigurationList = CD79A3332B54BC0F00964F20 /* Build configuration list for PBXProject "ThreadsReplica" */;
			compatibilityVersion = "Xcode 14.0";
			developmentRegion = en;
			hasScannedForEncodings = 0;
			knownRegions = (
				en,
				Base,
			);
			mainGroup = CD79A32F2B54BC0F00964F20;
			packageReferences = (
				CD8D85B82B54F54400F1DB72 /* XCRemoteSwiftPackageReference "firebase-ios-sdk" */,
				CD0224B02B56F47B004DB9ED /* XCRemoteSwiftPackageReference "Kingfisher" */,
			);
			productRefGroup = CD79A3392B54BC0F00964F20 /* Products */;
			projectDirPath = "";
			projectRoot = "";
			targets = (
				CD79A3372B54BC0F00964F20 /* ThreadsReplica */,
				CD79A3472B54BC1100964F20 /* ThreadsReplicaTests */,
				CD79A3512B54BC1100964F20 /* ThreadsReplicaUITests */,
			);
		};
/* End PBXProject section */

/* Begin PBXResourcesBuildPhase section */
		CD79A3362B54BC0F00964F20 /* Resources */ = {
			isa = PBXResourcesBuildPhase;
			buildActionMask = 2147483647;
			files = (
				CD79A3432B54BC1100964F20 /* Preview Assets.xcassets in Resources */,
				CD79A3402B54BC1100964F20 /* Assets.xcassets in Resources */,
				CDED3BE62B566CFB00566B9A /* GoogleService-Info.plist in Resources */,
			);
			runOnlyForDeploymentPostprocessing = 0;
		};
		CD79A3462B54BC1100964F20 /* Resources */ = {
			isa = PBXResourcesBuildPhase;
			buildActionMask = 2147483647;
			files = (
			);
			runOnlyForDeploymentPostprocessing = 0;
		};
		CD79A3502B54BC1100964F20 /* Resources */ = {
			isa = PBXResourcesBuildPhase;
			buildActionMask = 2147483647;
			files = (
			);
			runOnlyForDeploymentPostprocessing = 0;
		};
/* End PBXResourcesBuildPhase section */

/* Begin PBXSourcesBuildPhase section */
		CD79A3342B54BC0F00964F20 /* Sources */ = {
			isa = PBXSourcesBuildPhase;
			buildActionMask = 2147483647;
			files = (
				CD8D85AC2B54D67600F1DB72 /* CircleProfileImageView.swift in Sources */,
				CD8D85C42B54F79300F1DB72 /* RegistrationViewModel.swift in Sources */,
				CD8D85B52B54E6DA00F1DB72 /* EditProfileView.swift in Sources */,
				CD8D85A72B54CDDC00F1DB72 /* CreateThreadView.swift in Sources */,
				CDED3BDB2B56537200566B9A /* ContentViewModel.swift in Sources */,
				CD8D859E2B54CC6300F1DB72 /* ActivityView.swift in Sources */,
				CDED3BE42B5668F300566B9A /* CurrentUserProfileViewModel.swift in Sources */,
				CD8D85B12B54DBB300F1DB72 /* ProfileThreadFilter.swift in Sources */,
				CD0224A42B567F7F004DB9ED /* CurrentUserProfileView.swift in Sources */,
				CDED3BE12B56681E00566B9A /* UserService.swift in Sources */,
				CD8D85C62B54F87800F1DB72 /* AuthService.swift in Sources */,
				CD0224A82B56828E004DB9ED /* ProfileHeaderView.swift in Sources */,
				CD0224AD2B56D8A1004DB9ED /* EditProfileViewModel.swift in Sources */,
				CD8D85942B54CBF700F1DB72 /* FeedView.swift in Sources */,
				CD8D859A2B54CC4B00F1DB72 /* ExploreView.swift in Sources */,
				CDED3BDF2B56639A00566B9A /* User.swift in Sources */,
				CD8D859C2B54CC5500F1DB72 /* ProfileView.swift in Sources */,
				CD79A3712B54BCFF00964F20 /* LoginView.swift in Sources */,
				CD0224AA2B5684CF004DB9ED /* UserContentListView.swift in Sources */,
				CD8D85922B54C98800F1DB72 /* ThreadsTabView.swift in Sources */,
				CD8D85AE2B54D6F100F1DB72 /* UserCell.swift in Sources */,
				CD79A33E2B54BC0F00964F20 /* ContentView.swift in Sources */,
				CD8D85A92B54CEC200F1DB72 /* ThreadCell.swift in Sources */,
				CD79A33C2B54BC0F00964F20 /* ThreadsReplicaApp.swift in Sources */,
				CD79A3772B54C52F00964F20 /* ThreadsButtonViewModifier.swift in Sources */,
				CD02249C2B5676EA004DB9ED /* ExploreViewModel.swift in Sources */,
				CD79A3752B54C4AD00964F20 /* ThreadsTextViewModifier.swift in Sources */,
				CD79A3732B54C2AF00964F20 /* RegistrationView.swift in Sources */,
				CDED3BDD2B565D9400566B9A /* LoginViewModel.swift in Sources */,
				CD0224AF2B56DA30004DB9ED /* ImageUploader.swift in Sources */,
				CD02249E2B5679E0004DB9ED /* PreviewProvider.swift in Sources */,
			);
			runOnlyForDeploymentPostprocessing = 0;
		};
		CD79A3442B54BC1100964F20 /* Sources */ = {
			isa = PBXSourcesBuildPhase;
			buildActionMask = 2147483647;
			files = (
				CD79A34D2B54BC1100964F20 /* ThreadsReplicaTests.swift in Sources */,
			);
			runOnlyForDeploymentPostprocessing = 0;
		};
		CD79A34E2B54BC1100964F20 /* Sources */ = {
			isa = PBXSourcesBuildPhase;
			buildActionMask = 2147483647;
			files = (
				CD79A3572B54BC1100964F20 /* ThreadsReplicaUITests.swift in Sources */,
				CD79A3592B54BC1100964F20 /* ThreadsReplicaUITestsLaunchTests.swift in Sources */,
			);
			runOnlyForDeploymentPostprocessing = 0;
		};
/* End PBXSourcesBuildPhase section */

/* Begin PBXTargetDependency section */
		CD79A34A2B54BC1100964F20 /* PBXTargetDependency */ = {
			isa = PBXTargetDependency;
			target = CD79A3372B54BC0F00964F20 /* ThreadsReplica */;
			targetProxy = CD79A3492B54BC1100964F20 /* PBXContainerItemProxy */;
		};
		CD79A3542B54BC1100964F20 /* PBXTargetDependency */ = {
			isa = PBXTargetDependency;
			target = CD79A3372B54BC0F00964F20 /* ThreadsReplica */;
			targetProxy = CD79A3532B54BC1100964F20 /* PBXContainerItemProxy */;
		};
/* End PBXTargetDependency section */

/* Begin XCBuildConfiguration section */
		CD79A35A2B54BC1100964F20 /* Debug */ = {
			isa = XCBuildConfiguration;
			buildSettings = {
				ALWAYS_SEARCH_USER_PATHS = NO;
				ASSETCATALOG_COMPILER_GENERATE_SWIFT_ASSET_SYMBOL_EXTENSIONS = YES;
				CLANG_ANALYZER_NONNULL = YES;
				CLANG_ANALYZER_NUMBER_OBJECT_CONVERSION = YES_AGGRESSIVE;
				CLANG_CXX_LANGUAGE_STANDARD = "gnu++20";
				CLANG_ENABLE_MODULES = YES;
				CLANG_ENABLE_OBJC_ARC = YES;
				CLANG_ENABLE_OBJC_WEAK = YES;
				CLANG_WARN_BLOCK_CAPTURE_AUTORELEASING = YES;
				CLANG_WARN_BOOL_CONVERSION = YES;
				CLANG_WARN_COMMA = YES;
				CLANG_WARN_CONSTANT_CONVERSION = YES;
				CLANG_WARN_DEPRECATED_OBJC_IMPLEMENTATIONS = YES;
				CLANG_WARN_DIRECT_OBJC_ISA_USAGE = YES_ERROR;
				CLANG_WARN_DOCUMENTATION_COMMENTS = YES;
				CLANG_WARN_EMPTY_BODY = YES;
				CLANG_WARN_ENUM_CONVERSION = YES;
				CLANG_WARN_INFINITE_RECURSION = YES;
				CLANG_WARN_INT_CONVERSION = YES;
				CLANG_WARN_NON_LITERAL_NULL_CONVERSION = YES;
				CLANG_WARN_OBJC_IMPLICIT_RETAIN_SELF = YES;
				CLANG_WARN_OBJC_LITERAL_CONVERSION = YES;
				CLANG_WARN_OBJC_ROOT_CLASS = YES_ERROR;
				CLANG_WARN_QUOTED_INCLUDE_IN_FRAMEWORK_HEADER = YES;
				CLANG_WARN_RANGE_LOOP_ANALYSIS = YES;
				CLANG_WARN_STRICT_PROTOTYPES = YES;
				CLANG_WARN_SUSPICIOUS_MOVE = YES;
				CLANG_WARN_UNGUARDED_AVAILABILITY = YES_AGGRESSIVE;
				CLANG_WARN_UNREACHABLE_CODE = YES;
				CLANG_WARN__DUPLICATE_METHOD_MATCH = YES;
				COPY_PHASE_STRIP = NO;
				DEBUG_INFORMATION_FORMAT = dwarf;
				ENABLE_STRICT_OBJC_MSGSEND = YES;
				ENABLE_TESTABILITY = YES;
				ENABLE_USER_SCRIPT_SANDBOXING = YES;
				GCC_C_LANGUAGE_STANDARD = gnu17;
				GCC_DYNAMIC_NO_PIC = NO;
				GCC_NO_COMMON_BLOCKS = YES;
				GCC_OPTIMIZATION_LEVEL = 0;
				GCC_PREPROCESSOR_DEFINITIONS = (
					"DEBUG=1",
					"$(inherited)",
				);
				GCC_WARN_64_TO_32_BIT_CONVERSION = YES;
				GCC_WARN_ABOUT_RETURN_TYPE = YES_ERROR;
				GCC_WARN_UNDECLARED_SELECTOR = YES;
				GCC_WARN_UNINITIALIZED_AUTOS = YES_AGGRESSIVE;
				GCC_WARN_UNUSED_FUNCTION = YES;
				GCC_WARN_UNUSED_VARIABLE = YES;
				IPHONEOS_DEPLOYMENT_TARGET = 17.2;
				LOCALIZATION_PREFERS_STRING_CATALOGS = YES;
				MTL_ENABLE_DEBUG_INFO = INCLUDE_SOURCE;
				MTL_FAST_MATH = YES;
				ONLY_ACTIVE_ARCH = YES;
				SDKROOT = iphoneos;
				SWIFT_ACTIVE_COMPILATION_CONDITIONS = "DEBUG $(inherited)";
				SWIFT_OPTIMIZATION_LEVEL = "-Onone";
			};
			name = Debug;
		};
		CD79A35B2B54BC1100964F20 /* Release */ = {
			isa = XCBuildConfiguration;
			buildSettings = {
				ALWAYS_SEARCH_USER_PATHS = NO;
				ASSETCATALOG_COMPILER_GENERATE_SWIFT_ASSET_SYMBOL_EXTENSIONS = YES;
				CLANG_ANALYZER_NONNULL = YES;
				CLANG_ANALYZER_NUMBER_OBJECT_CONVERSION = YES_AGGRESSIVE;
				CLANG_CXX_LANGUAGE_STANDARD = "gnu++20";
				CLANG_ENABLE_MODULES = YES;
				CLANG_ENABLE_OBJC_ARC = YES;
				CLANG_ENABLE_OBJC_WEAK = YES;
				CLANG_WARN_BLOCK_CAPTURE_AUTORELEASING = YES;
				CLANG_WARN_BOOL_CONVERSION = YES;
				CLANG_WARN_COMMA = YES;
				CLANG_WARN_CONSTANT_CONVERSION = YES;
				CLANG_WARN_DEPRECATED_OBJC_IMPLEMENTATIONS = YES;
				CLANG_WARN_DIRECT_OBJC_ISA_USAGE = YES_ERROR;
				CLANG_WARN_DOCUMENTATION_COMMENTS = YES;
				CLANG_WARN_EMPTY_BODY = YES;
				CLANG_WARN_ENUM_CONVERSION = YES;
				CLANG_WARN_INFINITE_RECURSION = YES;
				CLANG_WARN_INT_CONVERSION = YES;
				CLANG_WARN_NON_LITERAL_NULL_CONVERSION = YES;
				CLANG_WARN_OBJC_IMPLICIT_RETAIN_SELF = YES;
				CLANG_WARN_OBJC_LITERAL_CONVERSION = YES;
				CLANG_WARN_OBJC_ROOT_CLASS = YES_ERROR;
				CLANG_WARN_QUOTED_INCLUDE_IN_FRAMEWORK_HEADER = YES;
				CLANG_WARN_RANGE_LOOP_ANALYSIS = YES;
				CLANG_WARN_STRICT_PROTOTYPES = YES;
				CLANG_WARN_SUSPICIOUS_MOVE = YES;
				CLANG_WARN_UNGUARDED_AVAILABILITY = YES_AGGRESSIVE;
				CLANG_WARN_UNREACHABLE_CODE = YES;
				CLANG_WARN__DUPLICATE_METHOD_MATCH = YES;
				COPY_PHASE_STRIP = NO;
				DEBUG_INFORMATION_FORMAT = "dwarf-with-dsym";
				ENABLE_NS_ASSERTIONS = NO;
				ENABLE_STRICT_OBJC_MSGSEND = YES;
				ENABLE_USER_SCRIPT_SANDBOXING = YES;
				GCC_C_LANGUAGE_STANDARD = gnu17;
				GCC_NO_COMMON_BLOCKS = YES;
				GCC_WARN_64_TO_32_BIT_CONVERSION = YES;
				GCC_WARN_ABOUT_RETURN_TYPE = YES_ERROR;
				GCC_WARN_UNDECLARED_SELECTOR = YES;
				GCC_WARN_UNINITIALIZED_AUTOS = YES_AGGRESSIVE;
				GCC_WARN_UNUSED_FUNCTION = YES;
				GCC_WARN_UNUSED_VARIABLE = YES;
				IPHONEOS_DEPLOYMENT_TARGET = 17.2;
				LOCALIZATION_PREFERS_STRING_CATALOGS = YES;
				MTL_ENABLE_DEBUG_INFO = NO;
				MTL_FAST_MATH = YES;
				SDKROOT = iphoneos;
				SWIFT_COMPILATION_MODE = wholemodule;
				VALIDATE_PRODUCT = YES;
			};
			name = Release;
		};
		CD79A35D2B54BC1100964F20 /* Debug */ = {
			isa = XCBuildConfiguration;
			buildSettings = {
				ASSETCATALOG_COMPILER_APPICON_NAME = AppIcon;
				ASSETCATALOG_COMPILER_GLOBAL_ACCENT_COLOR_NAME = AccentColor;
				CODE_SIGN_STYLE = Automatic;
				CURRENT_PROJECT_VERSION = 1;
				DEVELOPMENT_ASSET_PATHS = "\"ThreadsReplica/Preview Content\"";
				DEVELOPMENT_TEAM = D75R5G4HH2;
				ENABLE_PREVIEWS = YES;
				GENERATE_INFOPLIST_FILE = YES;
				INFOPLIST_KEY_UIApplicationSceneManifest_Generation = YES;
				INFOPLIST_KEY_UIApplicationSupportsIndirectInputEvents = YES;
				INFOPLIST_KEY_UILaunchScreen_Generation = YES;
				INFOPLIST_KEY_UISupportedInterfaceOrientations_iPad = "UIInterfaceOrientationPortrait UIInterfaceOrientationPortraitUpsideDown UIInterfaceOrientationLandscapeLeft UIInterfaceOrientationLandscapeRight";
				INFOPLIST_KEY_UISupportedInterfaceOrientations_iPhone = "UIInterfaceOrientationPortrait UIInterfaceOrientationLandscapeLeft UIInterfaceOrientationLandscapeRight";
				LD_RUNPATH_SEARCH_PATHS = (
					"$(inherited)",
					"@executable_path/Frameworks",
				);
				MARKETING_VERSION = 1.0;
				PRODUCT_BUNDLE_IDENTIFIER = personal.ThreadsReplica;
				PRODUCT_NAME = "$(TARGET_NAME)";
				SWIFT_EMIT_LOC_STRINGS = YES;
				SWIFT_VERSION = 5.0;
				TARGETED_DEVICE_FAMILY = "1,2";
			};
			name = Debug;
		};
		CD79A35E2B54BC1100964F20 /* Release */ = {
			isa = XCBuildConfiguration;
			buildSettings = {
				ASSETCATALOG_COMPILER_APPICON_NAME = AppIcon;
				ASSETCATALOG_COMPILER_GLOBAL_ACCENT_COLOR_NAME = AccentColor;
				CODE_SIGN_STYLE = Automatic;
				CURRENT_PROJECT_VERSION = 1;
				DEVELOPMENT_ASSET_PATHS = "\"ThreadsReplica/Preview Content\"";
				DEVELOPMENT_TEAM = D75R5G4HH2;
				ENABLE_PREVIEWS = YES;
				GENERATE_INFOPLIST_FILE = YES;
				INFOPLIST_KEY_UIApplicationSceneManifest_Generation = YES;
				INFOPLIST_KEY_UIApplicationSupportsIndirectInputEvents = YES;
				INFOPLIST_KEY_UILaunchScreen_Generation = YES;
				INFOPLIST_KEY_UISupportedInterfaceOrientations_iPad = "UIInterfaceOrientationPortrait UIInterfaceOrientationPortraitUpsideDown UIInterfaceOrientationLandscapeLeft UIInterfaceOrientationLandscapeRight";
				INFOPLIST_KEY_UISupportedInterfaceOrientations_iPhone = "UIInterfaceOrientationPortrait UIInterfaceOrientationLandscapeLeft UIInterfaceOrientationLandscapeRight";
				LD_RUNPATH_SEARCH_PATHS = (
					"$(inherited)",
					"@executable_path/Frameworks",
				);
				MARKETING_VERSION = 1.0;
				PRODUCT_BUNDLE_IDENTIFIER = personal.ThreadsReplica;
				PRODUCT_NAME = "$(TARGET_NAME)";
				SWIFT_EMIT_LOC_STRINGS = YES;
				SWIFT_VERSION = 5.0;
				TARGETED_DEVICE_FAMILY = "1,2";
			};
			name = Release;
		};
		CD79A3602B54BC1100964F20 /* Debug */ = {
			isa = XCBuildConfiguration;
			buildSettings = {
				ALWAYS_EMBED_SWIFT_STANDARD_LIBRARIES = YES;
				BUNDLE_LOADER = "$(TEST_HOST)";
				CODE_SIGN_STYLE = Automatic;
				CURRENT_PROJECT_VERSION = 1;
				DEVELOPMENT_TEAM = 92QM789X7L;
				GENERATE_INFOPLIST_FILE = YES;
				IPHONEOS_DEPLOYMENT_TARGET = 17.2;
				MARKETING_VERSION = 1.0;
				PRODUCT_BUNDLE_IDENTIFIER = personal.ThreadsReplicaTests;
				PRODUCT_NAME = "$(TARGET_NAME)";
				SWIFT_EMIT_LOC_STRINGS = NO;
				SWIFT_VERSION = 5.0;
				TARGETED_DEVICE_FAMILY = "1,2";
				TEST_HOST = "$(BUILT_PRODUCTS_DIR)/ThreadsReplica.app/$(BUNDLE_EXECUTABLE_FOLDER_PATH)/ThreadsReplica";
			};
			name = Debug;
		};
		CD79A3612B54BC1100964F20 /* Release */ = {
			isa = XCBuildConfiguration;
			buildSettings = {
				ALWAYS_EMBED_SWIFT_STANDARD_LIBRARIES = YES;
				BUNDLE_LOADER = "$(TEST_HOST)";
				CODE_SIGN_STYLE = Automatic;
				CURRENT_PROJECT_VERSION = 1;
				DEVELOPMENT_TEAM = 92QM789X7L;
				GENERATE_INFOPLIST_FILE = YES;
				IPHONEOS_DEPLOYMENT_TARGET = 17.2;
				MARKETING_VERSION = 1.0;
				PRODUCT_BUNDLE_IDENTIFIER = personal.ThreadsReplicaTests;
				PRODUCT_NAME = "$(TARGET_NAME)";
				SWIFT_EMIT_LOC_STRINGS = NO;
				SWIFT_VERSION = 5.0;
				TARGETED_DEVICE_FAMILY = "1,2";
				TEST_HOST = "$(BUILT_PRODUCTS_DIR)/ThreadsReplica.app/$(BUNDLE_EXECUTABLE_FOLDER_PATH)/ThreadsReplica";
			};
			name = Release;
		};
		CD79A3632B54BC1100964F20 /* Debug */ = {
			isa = XCBuildConfiguration;
			buildSettings = {
				ALWAYS_EMBED_SWIFT_STANDARD_LIBRARIES = YES;
				CODE_SIGN_STYLE = Automatic;
				CURRENT_PROJECT_VERSION = 1;
				DEVELOPMENT_TEAM = 92QM789X7L;
				GENERATE_INFOPLIST_FILE = YES;
				MARKETING_VERSION = 1.0;
				PRODUCT_BUNDLE_IDENTIFIER = personal.ThreadsReplicaUITests;
				PRODUCT_NAME = "$(TARGET_NAME)";
				SWIFT_EMIT_LOC_STRINGS = NO;
				SWIFT_VERSION = 5.0;
				TARGETED_DEVICE_FAMILY = "1,2";
				TEST_TARGET_NAME = ThreadsReplica;
			};
			name = Debug;
		};
		CD79A3642B54BC1100964F20 /* Release */ = {
			isa = XCBuildConfiguration;
			buildSettings = {
				ALWAYS_EMBED_SWIFT_STANDARD_LIBRARIES = YES;
				CODE_SIGN_STYLE = Automatic;
				CURRENT_PROJECT_VERSION = 1;
				DEVELOPMENT_TEAM = 92QM789X7L;
				GENERATE_INFOPLIST_FILE = YES;
				MARKETING_VERSION = 1.0;
				PRODUCT_BUNDLE_IDENTIFIER = personal.ThreadsReplicaUITests;
				PRODUCT_NAME = "$(TARGET_NAME)";
				SWIFT_EMIT_LOC_STRINGS = NO;
				SWIFT_VERSION = 5.0;
				TARGETED_DEVICE_FAMILY = "1,2";
				TEST_TARGET_NAME = ThreadsReplica;
			};
			name = Release;
		};
/* End XCBuildConfiguration section */

/* Begin XCConfigurationList section */
		CD79A3332B54BC0F00964F20 /* Build configuration list for PBXProject "ThreadsReplica" */ = {
			isa = XCConfigurationList;
			buildConfigurations = (
				CD79A35A2B54BC1100964F20 /* Debug */,
				CD79A35B2B54BC1100964F20 /* Release */,
			);
			defaultConfigurationIsVisible = 0;
			defaultConfigurationName = Release;
		};
		CD79A35C2B54BC1100964F20 /* Build configuration list for PBXNativeTarget "ThreadsReplica" */ = {
			isa = XCConfigurationList;
			buildConfigurations = (
				CD79A35D2B54BC1100964F20 /* Debug */,
				CD79A35E2B54BC1100964F20 /* Release */,
			);
			defaultConfigurationIsVisible = 0;
			defaultConfigurationName = Release;
		};
		CD79A35F2B54BC1100964F20 /* Build configuration list for PBXNativeTarget "ThreadsReplicaTests" */ = {
			isa = XCConfigurationList;
			buildConfigurations = (
				CD79A3602B54BC1100964F20 /* Debug */,
				CD79A3612B54BC1100964F20 /* Release */,
			);
			defaultConfigurationIsVisible = 0;
			defaultConfigurationName = Release;
		};
		CD79A3622B54BC1100964F20 /* Build configuration list for PBXNativeTarget "ThreadsReplicaUITests" */ = {
			isa = XCConfigurationList;
			buildConfigurations = (
				CD79A3632B54BC1100964F20 /* Debug */,
				CD79A3642B54BC1100964F20 /* Release */,
			);
			defaultConfigurationIsVisible = 0;
			defaultConfigurationName = Release;
		};
/* End XCConfigurationList section */

/* Begin XCRemoteSwiftPackageReference section */
		CD0224B02B56F47B004DB9ED /* XCRemoteSwiftPackageReference "Kingfisher" */ = {
			isa = XCRemoteSwiftPackageReference;
			repositoryURL = "https://github.com/onevcat/Kingfisher";
			requirement = {
				kind = upToNextMajorVersion;
				minimumVersion = 7.10.2;
			};
		};
		CD8D85B82B54F54400F1DB72 /* XCRemoteSwiftPackageReference "firebase-ios-sdk" */ = {
			isa = XCRemoteSwiftPackageReference;
			repositoryURL = "https://github.com/firebase/firebase-ios-sdk";
			requirement = {
				kind = upToNextMajorVersion;
				minimumVersion = 10.19.1;
			};
		};
/* End XCRemoteSwiftPackageReference section */

/* Begin XCSwiftPackageProductDependency section */
		CD0224B12B56F47B004DB9ED /* Kingfisher */ = {
			isa = XCSwiftPackageProductDependency;
			package = CD0224B02B56F47B004DB9ED /* XCRemoteSwiftPackageReference "Kingfisher" */;
			productName = Kingfisher;
		};
		CD8D85B92B54F54400F1DB72 /* FirebaseAuth */ = {
			isa = XCSwiftPackageProductDependency;
			package = CD8D85B82B54F54400F1DB72 /* XCRemoteSwiftPackageReference "firebase-ios-sdk" */;
			productName = FirebaseAuth;
		};
		CD8D85BB2B54F54400F1DB72 /* FirebaseFirestore */ = {
			isa = XCSwiftPackageProductDependency;
			package = CD8D85B82B54F54400F1DB72 /* XCRemoteSwiftPackageReference "firebase-ios-sdk" */;
			productName = FirebaseFirestore;
		};
		CD8D85BD2B54F54400F1DB72 /* FirebaseFirestoreSwift */ = {
			isa = XCSwiftPackageProductDependency;
			package = CD8D85B82B54F54400F1DB72 /* XCRemoteSwiftPackageReference "firebase-ios-sdk" */;
			productName = FirebaseFirestoreSwift;
		};
		CD8D85BF2B54F54400F1DB72 /* FirebaseStorage */ = {
			isa = XCSwiftPackageProductDependency;
			package = CD8D85B82B54F54400F1DB72 /* XCRemoteSwiftPackageReference "firebase-ios-sdk" */;
			productName = FirebaseStorage;
		};
/* End XCSwiftPackageProductDependency section */
	};
	rootObject = CD79A3302B54BC0F00964F20 /* Project object */;
}
